
Microsoft Visual Studio Solution File, Format Version 12.00
# Visual Studio Version 17
VisualStudioVersion = 17.7.34024.191
MinimumVisualStudioVersion = 10.0.40219.1
Project("{9A19103F-16F7-4668-BE54-9A1E7A4F7556}") = "Notes.Domain", "Notes.Domain\Notes.Domain.csproj", "{8DC0E62E-6A44-44D7-924D-7284E590AC32}"
EndProject
Project("{9A19103F-16F7-4668-BE54-9A1E7A4F7556}") = "Notes.Application", "Notes.Application\Notes.Application.csproj", "{12661F75-0A2E-4186-B8C6-A06AC02C4274}"
EndProject
Project("{9A19103F-16F7-4668-BE54-9A1E7A4F7556}") = "Notes.DAL", "Notes.DAL\Notes.DAL.csproj", "{B6369143-0D82-4ABB-BB09-C18AD3EFE9B1}"
EndProject
Project("{9A19103F-16F7-4668-BE54-9A1E7A4F7556}") = "Notes.WebApi", "Notes.WebApi\Notes.WebApi.csproj", "{150DCE11-8B08-4A7F-9439-B5A29E5788EF}"
EndProject
Project("{FAE04EC0-301F-11D3-BF4B-00C04F79EFBC}") = "Notes.Tests", "Notes.Tests\Notes.Tests.csproj", "{7C27F72F-4621-4803-97F9-3AB0A4D0FE78}"
EndProject
Global
	GlobalSection(SolutionConfigurationPlatforms) = preSolution
		Debug|Any CPU = Debug|Any CPU
		Release|Any CPU = Release|Any CPU
	EndGlobalSection
	GlobalSection(ProjectConfigurationPlatforms) = postSolution
		{8DC0E62E-6A44-44D7-924D-7284E590AC32}.Debug|Any CPU.ActiveCfg = Debug|Any CPU
		{8DC0E62E-6A44-44D7-924D-7284E590AC32}.Debug|Any CPU.Build.0 = Debug|Any CPU
		{8DC0E62E-6A44-44D7-924D-7284E590AC32}.Release|Any CPU.ActiveCfg = Release|Any CPU
		{8DC0E62E-6A44-44D7-924D-7284E590AC32}.Release|Any CPU.Build.0 = Release|Any CPU
		{12661F75-0A2E-4186-B8C6-A06AC02C4274}.Debug|Any CPU.ActiveCfg = Debug|Any CPU
		{12661F75-0A2E-4186-B8C6-A06AC02C4274}.Debug|Any CPU.Build.0 = Debug|Any CPU
		{12661F75-0A2E-4186-B8C6-A06AC02C4274}.Release|Any CPU.ActiveCfg = Release|Any CPU
		{12661F75-0A2E-4186-B8C6-A06AC02C4274}.Release|Any CPU.Build.0 = Release|Any CPU
		{B6369143-0D82-4ABB-BB09-C18AD3EFE9B1}.Debug|Any CPU.ActiveCfg = Debug|Any CPU
		{B6369143-0D82-4ABB-BB09-C18AD3EFE9B1}.Debug|Any CPU.Build.0 = Debug|Any CPU
		{B6369143-0D82-4ABB-BB09-C18AD3EFE9B1}.Release|Any CPU.ActiveCfg = Release|Any CPU
		{B6369143-0D82-4ABB-BB09-C18AD3EFE9B1}.Release|Any CPU.Build.0 = Release|Any CPU
		{150DCE11-8B08-4A7F-9439-B5A29E5788EF}.Debug|Any CPU.ActiveCfg = Debug|Any CPU
		{150DCE11-8B08-4A7F-9439-B5A29E5788EF}.Debug|Any CPU.Build.0 = Debug|Any CPU
		{150DCE11-8B08-4A7F-9439-B5A29E5788EF}.Release|Any CPU.ActiveCfg = Release|Any CPU
		{150DCE11-8B08-4A7F-9439-B5A29E5788EF}.Release|Any CPU.Build.0 = Release|Any CPU
		{7C27F72F-4621-4803-97F9-3AB0A4D0FE78}.Debug|Any CPU.ActiveCfg = Debug|Any CPU
		{7C27F72F-4621-4803-97F9-3AB0A4D0FE78}.Debug|Any CPU.Build.0 = Debug|Any CPU
		{7C27F72F-4621-4803-97F9-3AB0A4D0FE78}.Release|Any CPU.ActiveCfg = Release|Any CPU
		{7C27F72F-4621-4803-97F9-3AB0A4D0FE78}.Release|Any CPU.Build.0 = Release|Any CPU
	EndGlobalSection
	GlobalSection(SolutionProperties) = preSolution
		HideSolutionNode = FALSE
	EndGlobalSection
	GlobalSection(ExtensibilityGlobals) = postSolution
		SolutionGuid = {86E7E83C-754C-4A9D-9C02-A97942BBE04F}
	EndGlobalSection
EndGlobal
